
Microsoft Visual Studio Solution File, Format Version 12.00
# Visual Studio Version 16
VisualStudioVersion = 16.0.31605.320
MinimumVisualStudioVersion = 10.0.40219.1
Project("{9A19103F-16F7-4668-BE54-9A1E7A4F7556}") = "TransNeftEnergoTest.DAL", "TransNeftEnergoTest.DAL\TransNeftEnergoTest.DAL.csproj", "{D48B63FE-C472-403C-87B3-2246BB2BB056}"
EndProject
Project("{9A19103F-16F7-4668-BE54-9A1E7A4F7556}") = "TransNeftEnergoTest.DBInitializer", "TransNeftEnergoTest.DBInitializer\TransNeftEnergoTest.DBInitializer.csproj", "{6D1B51DB-01E9-417C-A891-4644F089A40F}"
EndProject
Project("{FAE04EC0-301F-11D3-BF4B-00C04F79EFBC}") = "TransNeftEnergoTest.API", "TransNeftEnergoTest.API\TransNeftEnergoTest.API.csproj", "{56002095-D3F4-4884-8407-78D22D68286A}"
EndProject
Project("{FAE04EC0-301F-11D3-BF4B-00C04F79EFBC}") = "TransNeftEnergoTest.DTO", "TransNeftEnergoTest.DTO\TransNeftEnergoTest.DTO.csproj", "{3A41BDE8-9945-4E80-96A7-2A6597F01566}"
EndProject
Global
	GlobalSection(SolutionConfigurationPlatforms) = preSolution
		Debug|Any CPU = Debug|Any CPU
		Release|Any CPU = Release|Any CPU
	EndGlobalSection
	GlobalSection(ProjectConfigurationPlatforms) = postSolution
		{D48B63FE-C472-403C-87B3-2246BB2BB056}.Debug|Any CPU.ActiveCfg = Debug|Any CPU
		{D48B63FE-C472-403C-87B3-2246BB2BB056}.Debug|Any CPU.Build.0 = Debug|Any CPU
		{D48B63FE-C472-403C-87B3-2246BB2BB056}.Release|Any CPU.ActiveCfg = Release|Any CPU
		{D48B63FE-C472-403C-87B3-2246BB2BB056}.Release|Any CPU.Build.0 = Release|Any CPU
		{6D1B51DB-01E9-417C-A891-4644F089A40F}.Debug|Any CPU.ActiveCfg = Debug|Any CPU
		{6D1B51DB-01E9-417C-A891-4644F089A40F}.Debug|Any CPU.Build.0 = Debug|Any CPU
		{6D1B51DB-01E9-417C-A891-4644F089A40F}.Release|Any CPU.ActiveCfg = Release|Any CPU
		{6D1B51DB-01E9-417C-A891-4644F089A40F}.Release|Any CPU.Build.0 = Release|Any CPU
		{56002095-D3F4-4884-8407-78D22D68286A}.Debug|Any CPU.ActiveCfg = Debug|Any CPU
		{56002095-D3F4-4884-8407-78D22D68286A}.Debug|Any CPU.Build.0 = Debug|Any CPU
		{56002095-D3F4-4884-8407-78D22D68286A}.Release|Any CPU.ActiveCfg = Release|Any CPU
		{56002095-D3F4-4884-8407-78D22D68286A}.Release|Any CPU.Build.0 = Release|Any CPU
		{3A41BDE8-9945-4E80-96A7-2A6597F01566}.Debug|Any CPU.ActiveCfg = Debug|Any CPU
		{3A41BDE8-9945-4E80-96A7-2A6597F01566}.Debug|Any CPU.Build.0 = Debug|Any CPU
		{3A41BDE8-9945-4E80-96A7-2A6597F01566}.Release|Any CPU.ActiveCfg = Release|Any CPU
		{3A41BDE8-9945-4E80-96A7-2A6597F01566}.Release|Any CPU.Build.0 = Release|Any CPU
	EndGlobalSection
	GlobalSection(SolutionProperties) = preSolution
		HideSolutionNode = FALSE
	EndGlobalSection
	GlobalSection(ExtensibilityGlobals) = postSolution
		SolutionGuid = {C171A18B-4406-4340-9B17-105C26FA4DC1}
	EndGlobalSection
EndGlobal
